
Microsoft Visual Studio Solution File, Format Version 12.00
# Visual Studio Version 17
VisualStudioVersion = 17.7.34024.191
MinimumVisualStudioVersion = 10.0.40219.1
Project("{FAE04EC0-301F-11D3-BF4B-00C04F79EFBC}") = "sadhanandham", "sadhanandham\sadhanandham.csproj", "{C3A6016E-331C-48E9-90A6-0A2F965FC7F4}"
EndProject
Global
	GlobalSection(SolutionConfigurationPlatforms) = preSolution
		Debug|Any CPU = Debug|Any CPU
		Release|Any CPU = Release|Any CPU
	EndGlobalSection
	GlobalSection(ProjectConfigurationPlatforms) = postSolution
		{C3A6016E-331C-48E9-90A6-0A2F965FC7F4}.Debug|Any CPU.ActiveCfg = Debug|Any CPU
		{C3A6016E-331C-48E9-90A6-0A2F965FC7F4}.Debug|Any CPU.Build.0 = Debug|Any CPU
		{C3A6016E-331C-48E9-90A6-0A2F965FC7F4}.Release|Any CPU.ActiveCfg = Release|Any CPU
		{C3A6016E-331C-48E9-90A6-0A2F965FC7F4}.Release|Any CPU.Build.0 = Release|Any CPU
	EndGlobalSection
	GlobalSection(SolutionProperties) = preSolution
		HideSolutionNode = FALSE
	EndGlobalSection
	GlobalSection(ExtensibilityGlobals) = postSolution
		SolutionGuid = {74444EDE-4C05-45C3-B897-6A917AB194E3}
	EndGlobalSection
EndGlobal
